// !$*UTF8*$!
{
	archiveVersion = 1;
	classes = {
	};
	objectVersion = 46;
	objects = {

/* Begin PBXBuildFile section */
		3895442AF6F08BC7F5E252E6 /* Pods.framework in Frameworks */ = {isa = PBXBuildFile; fileRef = 239827DABD226F4CB3A124B1 /* Pods.framework */; settings = {ATTRIBUTES = (Weak, ); }; };
		5B00D48F1BC42B6A00835D53 /* Main.storyboard in Resources */ = {isa = PBXBuildFile; fileRef = 5B00D48E1BC42B6A00835D53 /* Main.storyboard */; settings = {ASSET_TAGS = (); }; };
		5B043CCF1BC73A8300977C88 /* User.swift in Sources */ = {isa = PBXBuildFile; fileRef = 5B043CCE1BC73A8300977C88 /* User.swift */; settings = {ASSET_TAGS = (); }; };
		5B043CD11BC73A9100977C88 /* UserMeal.swift in Sources */ = {isa = PBXBuildFile; fileRef = 5B043CD01BC73A9100977C88 /* UserMeal.swift */; settings = {ASSET_TAGS = (); }; };
		5B043CD31BC73A9E00977C88 /* Meal.swift in Sources */ = {isa = PBXBuildFile; fileRef = 5B043CD21BC73A9E00977C88 /* Meal.swift */; settings = {ASSET_TAGS = (); }; };
		5B043CD51BC74A5D00977C88 /* KeychainService.swift in Sources */ = {isa = PBXBuildFile; fileRef = 5B043CD41BC74A5D00977C88 /* KeychainService.swift */; settings = {ASSET_TAGS = (); }; };
		5B08E9E71BC2E46D00A923D8 /* WebService.swift in Sources */ = {isa = PBXBuildFile; fileRef = 5B08E9E61BC2E46D00A923D8 /* WebService.swift */; settings = {ASSET_TAGS = (); }; };
		5B08E9E91BC2E69500A923D8 /* WebServiceTest.swift in Sources */ = {isa = PBXBuildFile; fileRef = 5B08E9E81BC2E69500A923D8 /* WebServiceTest.swift */; settings = {ASSET_TAGS = (); }; };
		5B2F95C41BC2F15B008B1E5A /* ParseAPI.swift in Sources */ = {isa = PBXBuildFile; fileRef = 5B2F95C31BC2F15B008B1E5A /* ParseAPI.swift */; settings = {ASSET_TAGS = (); }; };
		5B2F95C71BC33CF1008B1E5A /* ParseAPITest.swift in Sources */ = {isa = PBXBuildFile; fileRef = 5B2F95C61BC33CF1008B1E5A /* ParseAPITest.swift */; settings = {ASSET_TAGS = (); }; };
		5B55DADE1BBF18B600743C6C /* AppDelegate.swift in Sources */ = {isa = PBXBuildFile; fileRef = 5B55DADD1BBF18B600743C6C /* AppDelegate.swift */; };
		5B55DAE51BBF18B600743C6C /* Assets.xcassets in Resources */ = {isa = PBXBuildFile; fileRef = 5B55DAE41BBF18B600743C6C /* Assets.xcassets */; };
		5B55DAE81BBF18B600743C6C /* LaunchScreen.storyboard in Resources */ = {isa = PBXBuildFile; fileRef = 5B55DAE61BBF18B600743C6C /* LaunchScreen.storyboard */; };
		5B55DAF31BBF18B600743C6C /* UnfatifyTests.swift in Sources */ = {isa = PBXBuildFile; fileRef = 5B55DAF21BBF18B600743C6C /* UnfatifyTests.swift */; };
		5BA152461BC5C8C500D1494F /* SignInVC.swift in Sources */ = {isa = PBXBuildFile; fileRef = 5BA152451BC5C8C500D1494F /* SignInVC.swift */; settings = {ASSET_TAGS = (); }; };
		5BA152481BC5C8D300D1494F /* SignUpVC.swift in Sources */ = {isa = PBXBuildFile; fileRef = 5BA152471BC5C8D300D1494F /* SignUpVC.swift */; settings = {ASSET_TAGS = (); }; };
		5BA1524A1BC5C91A00D1494F /* CalorieVC.swift in Sources */ = {isa = PBXBuildFile; fileRef = 5BA152491BC5C91A00D1494F /* CalorieVC.swift */; settings = {ASSET_TAGS = (); }; };
		5BA1524D1BC5CA4800D1494F /* PieChartView.swift in Sources */ = {isa = PBXBuildFile; fileRef = 5BA1524C1BC5CA4800D1494F /* PieChartView.swift */; settings = {ASSET_TAGS = (); }; };
		5BA1524F1BC5CC6100D1494F /* ExtensionColor.swift in Sources */ = {isa = PBXBuildFile; fileRef = 5BA1524E1BC5CC6100D1494F /* ExtensionColor.swift */; settings = {ASSET_TAGS = (); }; };
/* End PBXBuildFile section */

/* Begin PBXContainerItemProxy section */
		5B55DAEF1BBF18B600743C6C /* PBXContainerItemProxy */ = {
			isa = PBXContainerItemProxy;
			containerPortal = 5B55DAD21BBF18B600743C6C /* Project object */;
			proxyType = 1;
			remoteGlobalIDString = 5B55DAD91BBF18B600743C6C;
			remoteInfo = Unfatify;
		};
/* End PBXContainerItemProxy section */

/* Begin PBXFileReference section */
		239827DABD226F4CB3A124B1 /* Pods.framework */ = {isa = PBXFileReference; explicitFileType = wrapper.framework; includeInIndex = 0; path = Pods.framework; sourceTree = BUILT_PRODUCTS_DIR; };
		3DB11435A1C3C0C0AC95F008 /* Pods.debug.xcconfig */ = {isa = PBXFileReference; includeInIndex = 1; lastKnownFileType = text.xcconfig; name = Pods.debug.xcconfig; path = "Pods/Target Support Files/Pods/Pods.debug.xcconfig"; sourceTree = "<group>"; };
		5B00D48E1BC42B6A00835D53 /* Main.storyboard */ = {isa = PBXFileReference; fileEncoding = 4; lastKnownFileType = file.storyboard; path = Main.storyboard; sourceTree = "<group>"; };
		5B043CCE1BC73A8300977C88 /* User.swift */ = {isa = PBXFileReference; fileEncoding = 4; lastKnownFileType = sourcecode.swift; path = User.swift; sourceTree = "<group>"; };
		5B043CD01BC73A9100977C88 /* UserMeal.swift */ = {isa = PBXFileReference; fileEncoding = 4; lastKnownFileType = sourcecode.swift; path = UserMeal.swift; sourceTree = "<group>"; };
		5B043CD21BC73A9E00977C88 /* Meal.swift */ = {isa = PBXFileReference; fileEncoding = 4; lastKnownFileType = sourcecode.swift; path = Meal.swift; sourceTree = "<group>"; };
		5B043CD41BC74A5D00977C88 /* KeychainService.swift */ = {isa = PBXFileReference; fileEncoding = 4; lastKnownFileType = sourcecode.swift; path = KeychainService.swift; sourceTree = "<group>"; };
		5B08E9E61BC2E46D00A923D8 /* WebService.swift */ = {isa = PBXFileReference; fileEncoding = 4; lastKnownFileType = sourcecode.swift; path = WebService.swift; sourceTree = "<group>"; };
		5B08E9E81BC2E69500A923D8 /* WebServiceTest.swift */ = {isa = PBXFileReference; fileEncoding = 4; lastKnownFileType = sourcecode.swift; path = WebServiceTest.swift; sourceTree = "<group>"; };
		5B2F95C31BC2F15B008B1E5A /* ParseAPI.swift */ = {isa = PBXFileReference; fileEncoding = 4; lastKnownFileType = sourcecode.swift; path = ParseAPI.swift; sourceTree = "<group>"; };
		5B2F95C61BC33CF1008B1E5A /* ParseAPITest.swift */ = {isa = PBXFileReference; fileEncoding = 4; lastKnownFileType = sourcecode.swift; path = ParseAPITest.swift; sourceTree = "<group>"; };
		5B55DADA1BBF18B600743C6C /* Unfatify.app */ = {isa = PBXFileReference; explicitFileType = wrapper.application; includeInIndex = 0; path = Unfatify.app; sourceTree = BUILT_PRODUCTS_DIR; };
		5B55DADD1BBF18B600743C6C /* AppDelegate.swift */ = {isa = PBXFileReference; lastKnownFileType = sourcecode.swift; path = AppDelegate.swift; sourceTree = "<group>"; };
		5B55DAE41BBF18B600743C6C /* Assets.xcassets */ = {isa = PBXFileReference; lastKnownFileType = folder.assetcatalog; path = Assets.xcassets; sourceTree = "<group>"; };
		5B55DAE71BBF18B600743C6C /* Base */ = {isa = PBXFileReference; lastKnownFileType = file.storyboard; name = Base; path = Base.lproj/LaunchScreen.storyboard; sourceTree = "<group>"; };
		5B55DAE91BBF18B600743C6C /* Info.plist */ = {isa = PBXFileReference; lastKnownFileType = text.plist.xml; path = Info.plist; sourceTree = "<group>"; };
		5B55DAEE1BBF18B600743C6C /* UnfatifyTests.xctest */ = {isa = PBXFileReference; explicitFileType = wrapper.cfbundle; includeInIndex = 0; path = UnfatifyTests.xctest; sourceTree = BUILT_PRODUCTS_DIR; };
		5B55DAF21BBF18B600743C6C /* UnfatifyTests.swift */ = {isa = PBXFileReference; lastKnownFileType = sourcecode.swift; path = UnfatifyTests.swift; sourceTree = "<group>"; };
		5B55DAF41BBF18B600743C6C /* Info.plist */ = {isa = PBXFileReference; lastKnownFileType = text.plist.xml; path = Info.plist; sourceTree = "<group>"; };
		5BA152451BC5C8C500D1494F /* SignInVC.swift */ = {isa = PBXFileReference; fileEncoding = 4; lastKnownFileType = sourcecode.swift; path = SignInVC.swift; sourceTree = "<group>"; };
		5BA152471BC5C8D300D1494F /* SignUpVC.swift */ = {isa = PBXFileReference; fileEncoding = 4; lastKnownFileType = sourcecode.swift; path = SignUpVC.swift; sourceTree = "<group>"; };
		5BA152491BC5C91A00D1494F /* CalorieVC.swift */ = {isa = PBXFileReference; fileEncoding = 4; lastKnownFileType = sourcecode.swift; path = CalorieVC.swift; sourceTree = "<group>"; };
		5BA1524C1BC5CA4800D1494F /* PieChartView.swift */ = {isa = PBXFileReference; fileEncoding = 4; lastKnownFileType = sourcecode.swift; path = PieChartView.swift; sourceTree = "<group>"; };
		5BA1524E1BC5CC6100D1494F /* ExtensionColor.swift */ = {isa = PBXFileReference; fileEncoding = 4; lastKnownFileType = sourcecode.swift; path = ExtensionColor.swift; sourceTree = "<group>"; };
		814AA809945195AC0D5D89BE /* Pods.release.xcconfig */ = {isa = PBXFileReference; includeInIndex = 1; lastKnownFileType = text.xcconfig; name = Pods.release.xcconfig; path = "Pods/Target Support Files/Pods/Pods.release.xcconfig"; sourceTree = "<group>"; };
/* End PBXFileReference section */

/* Begin PBXFrameworksBuildPhase section */
		5B55DAD71BBF18B600743C6C /* Frameworks */ = {
			isa = PBXFrameworksBuildPhase;
			buildActionMask = 2147483647;
			files = (
				3895442AF6F08BC7F5E252E6 /* Pods.framework in Frameworks */,
			);
			runOnlyForDeploymentPostprocessing = 0;
		};
		5B55DAEB1BBF18B600743C6C /* Frameworks */ = {
			isa = PBXFrameworksBuildPhase;
			buildActionMask = 2147483647;
			files = (
			);
			runOnlyForDeploymentPostprocessing = 0;
		};
/* End PBXFrameworksBuildPhase section */

/* Begin PBXGroup section */
		07B7BE127AACC081E98B372E /* Frameworks */ = {
			isa = PBXGroup;
			children = (
				239827DABD226F4CB3A124B1 /* Pods.framework */,
			);
			name = Frameworks;
			sourceTree = "<group>";
		};
		47E74A76F476C344B539DBAD /* Pods */ = {
			isa = PBXGroup;
			children = (
				3DB11435A1C3C0C0AC95F008 /* Pods.debug.xcconfig */,
				814AA809945195AC0D5D89BE /* Pods.release.xcconfig */,
			);
			name = Pods;
			sourceTree = "<group>";
		};
		5B00D48D1BC42B5800835D53 /* Main */ = {
			isa = PBXGroup;
			children = (
				5B00D48E1BC42B6A00835D53 /* Main.storyboard */,
				5BA1524B1BC5CA2000D1494F /* View */,
				5BA152501BC5CF2000D1494F /* Controller */,
			);
			name = Main;
			sourceTree = "<group>";
		};
		5B08E9E51BC2E45700A923D8 /* WebService */ = {
			isa = PBXGroup;
			children = (
				5B08E9E61BC2E46D00A923D8 /* WebService.swift */,
				5B2F95C31BC2F15B008B1E5A /* ParseAPI.swift */,
			);
			name = WebService;
			sourceTree = "<group>";
		};
		5B2F95C51BC33029008B1E5A /* Util */ = {
			isa = PBXGroup;
			children = (
				5B043CD41BC74A5D00977C88 /* KeychainService.swift */,
				5B08E9E51BC2E45700A923D8 /* WebService */,
			);
			name = Util;
			sourceTree = "<group>";
		};
		5B55DAD11BBF18B600743C6C = {
			isa = PBXGroup;
			children = (
				5B55DADC1BBF18B600743C6C /* Unfatify */,
				5B55DAF11BBF18B600743C6C /* UnfatifyTests */,
				5B55DADB1BBF18B600743C6C /* Products */,
				47E74A76F476C344B539DBAD /* Pods */,
				07B7BE127AACC081E98B372E /* Frameworks */,
			);
			sourceTree = "<group>";
		};
		5B55DADB1BBF18B600743C6C /* Products */ = {
			isa = PBXGroup;
			children = (
				5B55DADA1BBF18B600743C6C /* Unfatify.app */,
				5B55DAEE1BBF18B600743C6C /* UnfatifyTests.xctest */,
			);
			name = Products;
			sourceTree = "<group>";
		};
		5B55DADC1BBF18B600743C6C /* Unfatify */ = {
			isa = PBXGroup;
			children = (
				5B2F95C51BC33029008B1E5A /* Util */,
				5BAB34D81BBF1C1100D2B6B7 /* Extension */,
				5B55DAFF1BBF18DF00743C6C /* Model */,
				5B55DAFE1BBF18D900743C6C /* Storyboard */,
				5B55DAFD1BBF18BF00743C6C /* Supporting Files */,
			);
			path = Unfatify;
			sourceTree = "<group>";
		};
		5B55DAF11BBF18B600743C6C /* UnfatifyTests */ = {
			isa = PBXGroup;
			children = (
				5B55DAF21BBF18B600743C6C /* UnfatifyTests.swift */,
				5B55DAF41BBF18B600743C6C /* Info.plist */,
				5B08E9E81BC2E69500A923D8 /* WebServiceTest.swift */,
				5B2F95C61BC33CF1008B1E5A /* ParseAPITest.swift */,
			);
			path = UnfatifyTests;
			sourceTree = "<group>";
		};
		5B55DAFD1BBF18BF00743C6C /* Supporting Files */ = {
			isa = PBXGroup;
			children = (
				5B55DADD1BBF18B600743C6C /* AppDelegate.swift */,
				5B55DAE41BBF18B600743C6C /* Assets.xcassets */,
				5B55DAE61BBF18B600743C6C /* LaunchScreen.storyboard */,
				5B55DAE91BBF18B600743C6C /* Info.plist */,
			);
			name = "Supporting Files";
			sourceTree = "<group>";
		};
		5B55DAFE1BBF18D900743C6C /* Storyboard */ = {
			isa = PBXGroup;
			children = (
				5B00D48D1BC42B5800835D53 /* Main */,
			);
			name = Storyboard;
			sourceTree = "<group>";
		};
		5B55DAFF1BBF18DF00743C6C /* Model */ = {
			isa = PBXGroup;
			children = (
				5B043CCE1BC73A8300977C88 /* User.swift */,
				5B043CD01BC73A9100977C88 /* UserMeal.swift */,
				5B043CD21BC73A9E00977C88 /* Meal.swift */,
			);
			name = Model;
			sourceTree = "<group>";
		};
		5BA1524B1BC5CA2000D1494F /* View */ = {
			isa = PBXGroup;
			children = (
				5BA1524C1BC5CA4800D1494F /* PieChartView.swift */,
			);
			name = View;
			sourceTree = "<group>";
		};
		5BA152501BC5CF2000D1494F /* Controller */ = {
			isa = PBXGroup;
			children = (
				5BA152451BC5C8C500D1494F /* SignInVC.swift */,
				5BA152471BC5C8D300D1494F /* SignUpVC.swift */,
				5BA152491BC5C91A00D1494F /* CalorieVC.swift */,
			);
			name = Controller;
			sourceTree = "<group>";
		};
		5BAB34D81BBF1C1100D2B6B7 /* Extension */ = {
			isa = PBXGroup;
			children = (
				5BA1524E1BC5CC6100D1494F /* ExtensionColor.swift */,
			);
			name = Extension;
			sourceTree = "<group>";
		};
/* End PBXGroup section */

/* Begin PBXNativeTarget section */
		5B55DAD91BBF18B600743C6C /* Unfatify */ = {
			isa = PBXNativeTarget;
			buildConfigurationList = 5B55DAF71BBF18B600743C6C /* Build configuration list for PBXNativeTarget "Unfatify" */;
			buildPhases = (
				2F2D39DCDE6F3249532E105C /* Check Pods Manifest.lock */,
				5B55DAD61BBF18B600743C6C /* Sources */,
				5B55DAD71BBF18B600743C6C /* Frameworks */,
				5B55DAD81BBF18B600743C6C /* Resources */,
				CF6B6387DB634E7BB500F1AF /* Embed Pods Frameworks */,
				D61A1D4B939DFC2CF7C360FC /* Copy Pods Resources */,
			);
			buildRules = (
			);
			dependencies = (
			);
			name = Unfatify;
			productName = Unfatify;
			productReference = 5B55DADA1BBF18B600743C6C /* Unfatify.app */;
			productType = "com.apple.product-type.application";
		};
		5B55DAED1BBF18B600743C6C /* UnfatifyTests */ = {
			isa = PBXNativeTarget;
			buildConfigurationList = 5B55DAFA1BBF18B600743C6C /* Build configuration list for PBXNativeTarget "UnfatifyTests" */;
			buildPhases = (
				5B55DAEA1BBF18B600743C6C /* Sources */,
				5B55DAEB1BBF18B600743C6C /* Frameworks */,
				5B55DAEC1BBF18B600743C6C /* Resources */,
			);
			buildRules = (
			);
			dependencies = (
				5B55DAF01BBF18B600743C6C /* PBXTargetDependency */,
			);
			name = UnfatifyTests;
			productName = UnfatifyTests;
			productReference = 5B55DAEE1BBF18B600743C6C /* UnfatifyTests.xctest */;
			productType = "com.apple.product-type.bundle.unit-test";
		};
/* End PBXNativeTarget section */

/* Begin PBXProject section */
		5B55DAD21BBF18B600743C6C /* Project object */ = {
			isa = PBXProject;
			attributes = {
				LastSwiftUpdateCheck = 0710;
				LastUpgradeCheck = 0700;
				ORGANIZATIONNAME = kobe;
				TargetAttributes = {
					5B55DAD91BBF18B600743C6C = {
						CreatedOnToolsVersion = 7.0.1;
					};
					5B55DAED1BBF18B600743C6C = {
						CreatedOnToolsVersion = 7.0.1;
						TestTargetID = 5B55DAD91BBF18B600743C6C;
					};
				};
			};
			buildConfigurationList = 5B55DAD51BBF18B600743C6C /* Build configuration list for PBXProject "Unfatify" */;
			compatibilityVersion = "Xcode 3.2";
			developmentRegion = English;
			hasScannedForEncodings = 0;
			knownRegions = (
				en,
				Base,
			);
			mainGroup = 5B55DAD11BBF18B600743C6C;
			productRefGroup = 5B55DADB1BBF18B600743C6C /* Products */;
			projectDirPath = "";
			projectRoot = "";
			targets = (
				5B55DAD91BBF18B600743C6C /* Unfatify */,
				5B55DAED1BBF18B600743C6C /* UnfatifyTests */,
			);
		};
/* End PBXProject section */

/* Begin PBXResourcesBuildPhase section */
		5B55DAD81BBF18B600743C6C /* Resources */ = {
			isa = PBXResourcesBuildPhase;
			buildActionMask = 2147483647;
			files = (
				5B55DAE81BBF18B600743C6C /* LaunchScreen.storyboard in Resources */,
				5B55DAE51BBF18B600743C6C /* Assets.xcassets in Resources */,
				5B00D48F1BC42B6A00835D53 /* Main.storyboard in Resources */,
			);
			runOnlyForDeploymentPostprocessing = 0;
		};
		5B55DAEC1BBF18B600743C6C /* Resources */ = {
			isa = PBXResourcesBuildPhase;
			buildActionMask = 2147483647;
			files = (
			);
			runOnlyForDeploymentPostprocessing = 0;
		};
/* End PBXResourcesBuildPhase section */

/* Begin PBXShellScriptBuildPhase section */
		2F2D39DCDE6F3249532E105C /* Check Pods Manifest.lock */ = {
			isa = PBXShellScriptBuildPhase;
			buildActionMask = 2147483647;
			files = (
			);
			inputPaths = (
			);
			name = "Check Pods Manifest.lock";
			outputPaths = (
			);
			runOnlyForDeploymentPostprocessing = 0;
			shellPath = /bin/sh;
			shellScript = "diff \"${PODS_ROOT}/../Podfile.lock\" \"${PODS_ROOT}/Manifest.lock\" > /dev/null\nif [[ $? != 0 ]] ; then\n    cat << EOM\nerror: The sandbox is not in sync with the Podfile.lock. Run 'pod install' or update your CocoaPods installation.\nEOM\n    exit 1\nfi\n";
			showEnvVarsInLog = 0;
		};
		CF6B6387DB634E7BB500F1AF /* Embed Pods Frameworks */ = {
			isa = PBXShellScriptBuildPhase;
			buildActionMask = 2147483647;
			files = (
			);
			inputPaths = (
			);
			name = "Embed Pods Frameworks";
			outputPaths = (
			);
			runOnlyForDeploymentPostprocessing = 0;
			shellPath = /bin/sh;
			shellScript = "\"${SRCROOT}/Pods/Target Support Files/Pods/Pods-frameworks.sh\"\n";
			showEnvVarsInLog = 0;
		};
		D61A1D4B939DFC2CF7C360FC /* Copy Pods Resources */ = {
			isa = PBXShellScriptBuildPhase;
			buildActionMask = 2147483647;
			files = (
			);
			inputPaths = (
			);
			name = "Copy Pods Resources";
			outputPaths = (
			);
			runOnlyForDeploymentPostprocessing = 0;
			shellPath = /bin/sh;
			shellScript = "\"${SRCROOT}/Pods/Target Support Files/Pods/Pods-resources.sh\"\n";
			showEnvVarsInLog = 0;
		};
/* End PBXShellScriptBuildPhase section */

/* Begin PBXSourcesBuildPhase section */
		5B55DAD61BBF18B600743C6C /* Sources */ = {
			isa = PBXSourcesBuildPhase;
			buildActionMask = 2147483647;
			files = (
				5BA1524D1BC5CA4800D1494F /* PieChartView.swift in Sources */,
				5B08E9E71BC2E46D00A923D8 /* WebService.swift in Sources */,
				5B55DADE1BBF18B600743C6C /* AppDelegate.swift in Sources */,
				5BA1524A1BC5C91A00D1494F /* CalorieVC.swift in Sources */,
				5B043CD31BC73A9E00977C88 /* Meal.swift in Sources */,
				5B043CD51BC74A5D00977C88 /* KeychainService.swift in Sources */,
				5BA152461BC5C8C500D1494F /* SignInVC.swift in Sources */,
				5BA152481BC5C8D300D1494F /* SignUpVC.swift in Sources */,
				5B043CD11BC73A9100977C88 /* UserMeal.swift in Sources */,
				5B2F95C41BC2F15B008B1E5A /* ParseAPI.swift in Sources */,
				5B043CCF1BC73A8300977C88 /* User.swift in Sources */,
				5BA1524F1BC5CC6100D1494F /* ExtensionColor.swift in Sources */,
			);
			runOnlyForDeploymentPostprocessing = 0;
		};
		5B55DAEA1BBF18B600743C6C /* Sources */ = {
			isa = PBXSourcesBuildPhase;
			buildActionMask = 2147483647;
			files = (
				5B2F95C71BC33CF1008B1E5A /* ParseAPITest.swift in Sources */,
				5B08E9E91BC2E69500A923D8 /* WebServiceTest.swift in Sources */,
				5B55DAF31BBF18B600743C6C /* UnfatifyTests.swift in Sources */,
			);
			runOnlyForDeploymentPostprocessing = 0;
		};
/* End PBXSourcesBuildPhase section */

/* Begin PBXTargetDependency section */
		5B55DAF01BBF18B600743C6C /* PBXTargetDependency */ = {
			isa = PBXTargetDependency;
			target = 5B55DAD91BBF18B600743C6C /* Unfatify */;
			targetProxy = 5B55DAEF1BBF18B600743C6C /* PBXContainerItemProxy */;
		};
/* End PBXTargetDependency section */

/* Begin PBXVariantGroup section */
		5B55DAE61BBF18B600743C6C /* LaunchScreen.storyboard */ = {
			isa = PBXVariantGroup;
			children = (
				5B55DAE71BBF18B600743C6C /* Base */,
			);
			name = LaunchScreen.storyboard;
			sourceTree = "<group>";
		};
/* End PBXVariantGroup section */

/* Begin XCBuildConfiguration section */
		5B55DAF51BBF18B600743C6C /* Debug */ = {
			isa = XCBuildConfiguration;
			buildSettings = {
				ALWAYS_SEARCH_USER_PATHS = NO;
				CLANG_CXX_LANGUAGE_STANDARD = "gnu++0x";
				CLANG_CXX_LIBRARY = "libc++";
				CLANG_ENABLE_MODULES = YES;
				CLANG_ENABLE_OBJC_ARC = YES;
				CLANG_WARN_BOOL_CONVERSION = YES;
				CLANG_WARN_CONSTANT_CONVERSION = YES;
				CLANG_WARN_DIRECT_OBJC_ISA_USAGE = YES_ERROR;
				CLANG_WARN_EMPTY_BODY = YES;
				CLANG_WARN_ENUM_CONVERSION = YES;
				CLANG_WARN_INT_CONVERSION = YES;
				CLANG_WARN_OBJC_ROOT_CLASS = YES_ERROR;
				CLANG_WARN_UNREACHABLE_CODE = YES;
				CLANG_WARN__DUPLICATE_METHOD_MATCH = YES;
				"CODE_SIGN_IDENTITY[sdk=iphoneos*]" = "iPhone Developer";
				COPY_PHASE_STRIP = NO;
				DEBUG_INFORMATION_FORMAT = dwarf;
				ENABLE_STRICT_OBJC_MSGSEND = YES;
				ENABLE_TESTABILITY = YES;
				GCC_C_LANGUAGE_STANDARD = gnu99;
				GCC_DYNAMIC_NO_PIC = NO;
				GCC_NO_COMMON_BLOCKS = YES;
				GCC_OPTIMIZATION_LEVEL = 0;
				GCC_PREPROCESSOR_DEFINITIONS = (
					"DEBUG=1",
					"$(inherited)",
				);
				GCC_WARN_64_TO_32_BIT_CONVERSION = YES;
				GCC_WARN_ABOUT_RETURN_TYPE = YES_ERROR;
				GCC_WARN_UNDECLARED_SELECTOR = YES;
				GCC_WARN_UNINITIALIZED_AUTOS = YES_AGGRESSIVE;
				GCC_WARN_UNUSED_FUNCTION = YES;
				GCC_WARN_UNUSED_VARIABLE = YES;
				IPHONEOS_DEPLOYMENT_TARGET = 9.0;
				MTL_ENABLE_DEBUG_INFO = YES;
				ONLY_ACTIVE_ARCH = YES;
				SDKROOT = iphoneos;
				SWIFT_OPTIMIZATION_LEVEL = "-Onone";
				TARGETED_DEVICE_FAMILY = "1,2";
			};
			name = Debug;
		};
		5B55DAF61BBF18B600743C6C /* Release */ = {
			isa = XCBuildConfiguration;
			buildSettings = {
				ALWAYS_SEARCH_USER_PATHS = NO;
				CLANG_CXX_LANGUAGE_STANDARD = "gnu++0x";
				CLANG_CXX_LIBRARY = "libc++";
				CLANG_ENABLE_MODULES = YES;
				CLANG_ENABLE_OBJC_ARC = YES;
				CLANG_WARN_BOOL_CONVERSION = YES;
				CLANG_WARN_CONSTANT_CONVERSION = YES;
				CLANG_WARN_DIRECT_OBJC_ISA_USAGE = YES_ERROR;
				CLANG_WARN_EMPTY_BODY = YES;
				CLANG_WARN_ENUM_CONVERSION = YES;
				CLANG_WARN_INT_CONVERSION = YES;
				CLANG_WARN_OBJC_ROOT_CLASS = YES_ERROR;
				CLANG_WARN_UNREACHABLE_CODE = YES;
				CLANG_WARN__DUPLICATE_METHOD_MATCH = YES;
				"CODE_SIGN_IDENTITY[sdk=iphoneos*]" = "iPhone Developer";
				COPY_PHASE_STRIP = NO;
				DEBUG_INFORMATION_FORMAT = "dwarf-with-dsym";
				ENABLE_NS_ASSERTIONS = NO;
				ENABLE_STRICT_OBJC_MSGSEND = YES;
				GCC_C_LANGUAGE_STANDARD = gnu99;
				GCC_NO_COMMON_BLOCKS = YES;
				GCC_WARN_64_TO_32_BIT_CONVERSION = YES;
				GCC_WARN_ABOUT_RETURN_TYPE = YES_ERROR;
				GCC_WARN_UNDECLARED_SELECTOR = YES;
				GCC_WARN_UNINITIALIZED_AUTOS = YES_AGGRESSIVE;
				GCC_WARN_UNUSED_FUNCTION = YES;
				GCC_WARN_UNUSED_VARIABLE = YES;
				IPHONEOS_DEPLOYMENT_TARGET = 9.0;
				MTL_ENABLE_DEBUG_INFO = NO;
				SDKROOT = iphoneos;
				TARGETED_DEVICE_FAMILY = "1,2";
				VALIDATE_PRODUCT = YES;
			};
			name = Release;
		};
		5B55DAF81BBF18B600743C6C /* Debug */ = {
			isa = XCBuildConfiguration;
			baseConfigurationReference = 3DB11435A1C3C0C0AC95F008 /* Pods.debug.xcconfig */;
			buildSettings = {
				ASSETCATALOG_COMPILER_APPICON_NAME = AppIcon;
				INFOPLIST_FILE = Unfatify/Info.plist;
				IPHONEOS_DEPLOYMENT_TARGET = 8.0;
				LD_RUNPATH_SEARCH_PATHS = "$(inherited) @executable_path/Frameworks";
				PRODUCT_BUNDLE_IDENTIFIER = com.kobe.Unfatify;
				PRODUCT_NAME = "$(TARGET_NAME)";
				TARGETED_DEVICE_FAMILY = 1;
			};
			name = Debug;
		};
		5B55DAF91BBF18B600743C6C /* Release */ = {
			isa = XCBuildConfiguration;
			baseConfigurationReference = 814AA809945195AC0D5D89BE /* Pods.release.xcconfig */;
			buildSettings = {
				ASSETCATALOG_COMPILER_APPICON_NAME = AppIcon;
				INFOPLIST_FILE = Unfatify/Info.plist;
				IPHONEOS_DEPLOYMENT_TARGET = 8.0;
				LD_RUNPATH_SEARCH_PATHS = "$(inherited) @executable_path/Frameworks";
				PRODUCT_BUNDLE_IDENTIFIER = com.kobe.Unfatify;
				PRODUCT_NAME = "$(TARGET_NAME)";
				TARGETED_DEVICE_FAMILY = 1;
			};
			name = Release;
		};
		5B55DAFB1BBF18B600743C6C /* Debug */ = {
			isa = XCBuildConfiguration;
			buildSettings = {
				BUNDLE_LOADER = "$(TEST_HOST)";
				INFOPLIST_FILE = UnfatifyTests/Info.plist;
				LD_RUNPATH_SEARCH_PATHS = "$(inherited) @executable_path/Frameworks @loader_path/Frameworks";
				PRODUCT_BUNDLE_IDENTIFIER = com.kobe.UnfatifyTests;
				PRODUCT_NAME = "$(TARGET_NAME)";
				TEST_HOST = "$(BUILT_PRODUCTS_DIR)/Unfatify.app/Unfatify";
			};
			name = Debug;
		};
		5B55DAFC1BBF18B600743C6C /* Release */ = {
			isa = XCBuildConfiguration;
			buildSettings = {
				BUNDLE_LOADER = "$(TEST_HOST)";
				INFOPLIST_FILE = UnfatifyTests/Info.plist;
				LD_RUNPATH_SEARCH_PATHS = "$(inherited) @executable_path/Frameworks @loader_path/Frameworks";
				PRODUCT_BUNDLE_IDENTIFIER = com.kobe.UnfatifyTests;
				PRODUCT_NAME = "$(TARGET_NAME)";
				TEST_HOST = "$(BUILT_PRODUCTS_DIR)/Unfatify.app/Unfatify";
			};
			name = Release;
		};
/* End XCBuildConfiguration section */

/* Begin XCConfigurationList section */
		5B55DAD51BBF18B600743C6C /* Build configuration list for PBXProject "Unfatify" */ = {
			isa = XCConfigurationList;
			buildConfigurations = (
				5B55DAF51BBF18B600743C6C /* Debug */,
				5B55DAF61BBF18B600743C6C /* Release */,
			);
			defaultConfigurationIsVisible = 0;
			defaultConfigurationName = Release;
		};
		5B55DAF71BBF18B600743C6C /* Build configuration list for PBXNativeTarget "Unfatify" */ = {
			isa = XCConfigurationList;
			buildConfigurations = (
				5B55DAF81BBF18B600743C6C /* Debug */,
				5B55DAF91BBF18B600743C6C /* Release */,
			);
			defaultConfigurationIsVisible = 0;
			defaultConfigurationName = Release;
		};
		5B55DAFA1BBF18B600743C6C /* Build configuration list for PBXNativeTarget "UnfatifyTests" */ = {
			isa = XCConfigurationList;
			buildConfigurations = (
				5B55DAFB1BBF18B600743C6C /* Debug */,
				5B55DAFC1BBF18B600743C6C /* Release */,
			);
			defaultConfigurationIsVisible = 0;
			defaultConfigurationName = Release;
		};
/* End XCConfigurationList section */
	};
	rootObject = 5B55DAD21BBF18B600743C6C /* Project object */;
}
